
Microsoft Visual Studio Solution File, Format Version 12.00
# Visual Studio 15
VisualStudioVersion = 15.0.26430.6
MinimumVisualStudioVersion = 10.0.40219.1
Project("{FAE04EC0-301F-11D3-BF4B-00C04F79EFBC}") = "SnagDesk", "SnagDesk\SnagDesk.csproj", "{9ED3B249-2DF6-440D-85E4-9C2CEFAC52D2}"
EndProject
Project("{FAE04EC0-301F-11D3-BF4B-00C04F79EFBC}") = "SnagDesk.Domain", "SnagDesk.Domain\SnagDesk.Domain.csproj", "{BA24497B-3151-4F9B-B415-DB2E8531ED32}"
EndProject
Project("{FAE04EC0-301F-11D3-BF4B-00C04F79EFBC}") = "SnagDesk.DAL", "SnagDesk.DAL\SnagDesk.DAL.csproj", "{BD2AB2F8-672D-408B-A178-87DB6A7A702E}"
EndProject
Global
	GlobalSection(SolutionConfigurationPlatforms) = preSolution
		Debug|Any CPU = Debug|Any CPU
		Release|Any CPU = Release|Any CPU
	EndGlobalSection
	GlobalSection(ProjectConfigurationPlatforms) = postSolution
		{9ED3B249-2DF6-440D-85E4-9C2CEFAC52D2}.Debug|Any CPU.ActiveCfg = Debug|Any CPU
		{9ED3B249-2DF6-440D-85E4-9C2CEFAC52D2}.Debug|Any CPU.Build.0 = Debug|Any CPU
		{9ED3B249-2DF6-440D-85E4-9C2CEFAC52D2}.Release|Any CPU.ActiveCfg = Release|Any CPU
		{9ED3B249-2DF6-440D-85E4-9C2CEFAC52D2}.Release|Any CPU.Build.0 = Release|Any CPU
		{BA24497B-3151-4F9B-B415-DB2E8531ED32}.Debug|Any CPU.ActiveCfg = Debug|Any CPU
		{BA24497B-3151-4F9B-B415-DB2E8531ED32}.Debug|Any CPU.Build.0 = Debug|Any CPU
		{BA24497B-3151-4F9B-B415-DB2E8531ED32}.Release|Any CPU.ActiveCfg = Release|Any CPU
		{BA24497B-3151-4F9B-B415-DB2E8531ED32}.Release|Any CPU.Build.0 = Release|Any CPU
		{BD2AB2F8-672D-408B-A178-87DB6A7A702E}.Debug|Any CPU.ActiveCfg = Debug|Any CPU
		{BD2AB2F8-672D-408B-A178-87DB6A7A702E}.Debug|Any CPU.Build.0 = Debug|Any CPU
		{BD2AB2F8-672D-408B-A178-87DB6A7A702E}.Release|Any CPU.ActiveCfg = Release|Any CPU
		{BD2AB2F8-672D-408B-A178-87DB6A7A702E}.Release|Any CPU.Build.0 = Release|Any CPU
	EndGlobalSection
	GlobalSection(SolutionProperties) = preSolution
		HideSolutionNode = FALSE
	EndGlobalSection
EndGlobal
